{
  "object": {
    "pins": [
      {
        "package": "CafSolutions",
        "repositoryURL": "https://github.com/combateafraude/CafSolutions.git",
        "state": {
          "branch": null,
          "revision": "d563151e8281b86332e7a6860c81b22f25afae52",
          "version": "1.0.2"
        }
      },
      {
        "package": "TensorFlowLiteC",
        "repositoryURL": "https://github.com/combateafraude/TensorFlowLiteC.git",
        "state": {
          "branch": null,
          "revision": "71f21cc5c8d1279f30a5eb5e04fb480413d06f9f",
          "version": "2.14.1"
        }
      }
    ]
  },
  "version": 1
}
