{
  "object": {
    "pins": [
      {
        "package": "CafSolutions",
        "repositoryURL": "https://github.com/combateafraude/CafSolutions.git",
        "state": {
          "branch": null,
          "revision": "c7b8b0bdb4fc0194e7a8d9e15461045a0454c5cd",
          "version": "1.0.1"
        }
      },
      {
        "package": "TensorFlowLiteC",
        "repositoryURL": "https://github.com/combateafraude/TensorFlowLiteC.git",
        "state": {
          "branch": null,
          "revision": "71f21cc5c8d1279f30a5eb5e04fb480413d06f9f",
          "version": "2.14.1"
        }
      }
    ]
  },
  "version": 1
}
