{
  "object": {
    "pins": [
      {
        "package": "CafSolutions",
        "repositoryURL": "https://github.com/combateafraude/CafSolutions.git",
        "state": {
          "branch": null,
          "revision": "2dee43bae3daefa56c8c199e75c0ad5c5b48228c",
          "version": "1.0.0"
        }
      },
      {
        "package": "TensorFlowLiteC",
        "repositoryURL": "https://github.com/combateafraude/TensorFlowLiteC.git",
        "state": {
          "branch": null,
          "revision": "71f21cc5c8d1279f30a5eb5e04fb480413d06f9f",
          "version": "2.14.1"
        }
      }
    ]
  },
  "version": 1
}
